
Microsoft Visual Studio Solution File, Format Version 12.00
# Visual Studio Version 17
VisualStudioVersion = 17.5.002.0
MinimumVisualStudioVersion = 10.0.40219.1
Project("{2150E333-8FDC-42A3-9474-1A3956D46DE8}") = "Semana2", "Semana2", "{09039403-C67F-427E-9962-C40C7FF66823}"
EndProject
Project("{FAE04EC0-301F-11D3-BF4B-00C04F79EFBC}") = "ExemplosAulas", "Semana2\ExemplosAulas\ExemplosAulas.csproj", "{68DC5913-0C73-4672-8443-10D2B378AAAC}"
EndProject
Project("{2150E333-8FDC-42A3-9474-1A3956D46DE8}") = "Semana1", "Semana1", "{8B35B19E-C48B-4515-993D-F99AB9E5046C}"
EndProject
Project("{FAE04EC0-301F-11D3-BF4B-00C04F79EFBC}") = "Questao2", "Semana1\Questao2\Questao2.csproj", "{A4C9FDEC-EBB6-4D65-A159-886B55CD9E04}"
EndProject
Project("{FAE04EC0-301F-11D3-BF4B-00C04F79EFBC}") = "Questao3", "Semana1\Questao3\Questao3.csproj", "{7F7BEEA6-2093-4A40-8490-48F6BD5E3DF8}"
EndProject
Project("{FAE04EC0-301F-11D3-BF4B-00C04F79EFBC}") = "Questao4", "Semana1\Questao4\Questao4.csproj", "{3562280F-0E3D-4250-85E3-F04BF20C4EAC}"
EndProject
Project("{FAE04EC0-301F-11D3-BF4B-00C04F79EFBC}") = "Questao5", "Semana1\Questao5\Questao5.csproj", "{DFAAB81C-2BA9-4E3A-A633-CEF926AF4306}"
EndProject
Project("{FAE04EC0-301F-11D3-BF4B-00C04F79EFBC}") = "Questao6", "Semana1\Questao6\Questao6.csproj", "{6FD2F5D0-CE15-44B4-B31C-0406AE773D24}"
EndProject
Project("{FAE04EC0-301F-11D3-BF4B-00C04F79EFBC}") = "Questao7", "Semana1\Questao7\Questao7.csproj", "{C09200E0-02A1-4B46-88A2-82DAE5F7CDE1}"
EndProject
Project("{FAE04EC0-301F-11D3-BF4B-00C04F79EFBC}") = "Questao8", "Semana1\Questao8\Questao8.csproj", "{C11357EF-EE1B-4642-A94E-E3C115708497}"
EndProject
Project("{FAE04EC0-301F-11D3-BF4B-00C04F79EFBC}") = "dotNET-P0002", "Semana2\dotNET-P0002\dotNET-P0002.csproj", "{D20E326F-726E-433C-A7D3-05FB1149DD79}"
EndProject
Global
	GlobalSection(SolutionConfigurationPlatforms) = preSolution
		Debug|Any CPU = Debug|Any CPU
		Release|Any CPU = Release|Any CPU
	EndGlobalSection
	GlobalSection(ProjectConfigurationPlatforms) = postSolution
		{68DC5913-0C73-4672-8443-10D2B378AAAC}.Debug|Any CPU.ActiveCfg = Debug|Any CPU
		{68DC5913-0C73-4672-8443-10D2B378AAAC}.Debug|Any CPU.Build.0 = Debug|Any CPU
		{68DC5913-0C73-4672-8443-10D2B378AAAC}.Release|Any CPU.ActiveCfg = Release|Any CPU
		{68DC5913-0C73-4672-8443-10D2B378AAAC}.Release|Any CPU.Build.0 = Release|Any CPU
		{A4C9FDEC-EBB6-4D65-A159-886B55CD9E04}.Debug|Any CPU.ActiveCfg = Debug|Any CPU
		{A4C9FDEC-EBB6-4D65-A159-886B55CD9E04}.Debug|Any CPU.Build.0 = Debug|Any CPU
		{A4C9FDEC-EBB6-4D65-A159-886B55CD9E04}.Release|Any CPU.ActiveCfg = Release|Any CPU
		{A4C9FDEC-EBB6-4D65-A159-886B55CD9E04}.Release|Any CPU.Build.0 = Release|Any CPU
		{7F7BEEA6-2093-4A40-8490-48F6BD5E3DF8}.Debug|Any CPU.ActiveCfg = Debug|Any CPU
		{7F7BEEA6-2093-4A40-8490-48F6BD5E3DF8}.Debug|Any CPU.Build.0 = Debug|Any CPU
		{7F7BEEA6-2093-4A40-8490-48F6BD5E3DF8}.Release|Any CPU.ActiveCfg = Release|Any CPU
		{7F7BEEA6-2093-4A40-8490-48F6BD5E3DF8}.Release|Any CPU.Build.0 = Release|Any CPU
		{3562280F-0E3D-4250-85E3-F04BF20C4EAC}.Debug|Any CPU.ActiveCfg = Debug|Any CPU
		{3562280F-0E3D-4250-85E3-F04BF20C4EAC}.Debug|Any CPU.Build.0 = Debug|Any CPU
		{3562280F-0E3D-4250-85E3-F04BF20C4EAC}.Release|Any CPU.ActiveCfg = Release|Any CPU
		{3562280F-0E3D-4250-85E3-F04BF20C4EAC}.Release|Any CPU.Build.0 = Release|Any CPU
		{DFAAB81C-2BA9-4E3A-A633-CEF926AF4306}.Debug|Any CPU.ActiveCfg = Debug|Any CPU
		{DFAAB81C-2BA9-4E3A-A633-CEF926AF4306}.Debug|Any CPU.Build.0 = Debug|Any CPU
		{DFAAB81C-2BA9-4E3A-A633-CEF926AF4306}.Release|Any CPU.ActiveCfg = Release|Any CPU
		{DFAAB81C-2BA9-4E3A-A633-CEF926AF4306}.Release|Any CPU.Build.0 = Release|Any CPU
		{6FD2F5D0-CE15-44B4-B31C-0406AE773D24}.Debug|Any CPU.ActiveCfg = Debug|Any CPU
		{6FD2F5D0-CE15-44B4-B31C-0406AE773D24}.Debug|Any CPU.Build.0 = Debug|Any CPU
		{6FD2F5D0-CE15-44B4-B31C-0406AE773D24}.Release|Any CPU.ActiveCfg = Release|Any CPU
		{6FD2F5D0-CE15-44B4-B31C-0406AE773D24}.Release|Any CPU.Build.0 = Release|Any CPU
		{C09200E0-02A1-4B46-88A2-82DAE5F7CDE1}.Debug|Any CPU.ActiveCfg = Debug|Any CPU
		{C09200E0-02A1-4B46-88A2-82DAE5F7CDE1}.Debug|Any CPU.Build.0 = Debug|Any CPU
		{C09200E0-02A1-4B46-88A2-82DAE5F7CDE1}.Release|Any CPU.ActiveCfg = Release|Any CPU
		{C09200E0-02A1-4B46-88A2-82DAE5F7CDE1}.Release|Any CPU.Build.0 = Release|Any CPU
		{C11357EF-EE1B-4642-A94E-E3C115708497}.Debug|Any CPU.ActiveCfg = Debug|Any CPU
		{C11357EF-EE1B-4642-A94E-E3C115708497}.Debug|Any CPU.Build.0 = Debug|Any CPU
		{C11357EF-EE1B-4642-A94E-E3C115708497}.Release|Any CPU.ActiveCfg = Release|Any CPU
		{C11357EF-EE1B-4642-A94E-E3C115708497}.Release|Any CPU.Build.0 = Release|Any CPU
		{D20E326F-726E-433C-A7D3-05FB1149DD79}.Debug|Any CPU.ActiveCfg = Debug|Any CPU
		{D20E326F-726E-433C-A7D3-05FB1149DD79}.Debug|Any CPU.Build.0 = Debug|Any CPU
		{D20E326F-726E-433C-A7D3-05FB1149DD79}.Release|Any CPU.ActiveCfg = Release|Any CPU
		{D20E326F-726E-433C-A7D3-05FB1149DD79}.Release|Any CPU.Build.0 = Release|Any CPU
	EndGlobalSection
	GlobalSection(SolutionProperties) = preSolution
		HideSolutionNode = FALSE
	EndGlobalSection
	GlobalSection(NestedProjects) = preSolution
		{68DC5913-0C73-4672-8443-10D2B378AAAC} = {09039403-C67F-427E-9962-C40C7FF66823}
		{A4C9FDEC-EBB6-4D65-A159-886B55CD9E04} = {8B35B19E-C48B-4515-993D-F99AB9E5046C}
		{7F7BEEA6-2093-4A40-8490-48F6BD5E3DF8} = {8B35B19E-C48B-4515-993D-F99AB9E5046C}
		{3562280F-0E3D-4250-85E3-F04BF20C4EAC} = {8B35B19E-C48B-4515-993D-F99AB9E5046C}
		{DFAAB81C-2BA9-4E3A-A633-CEF926AF4306} = {8B35B19E-C48B-4515-993D-F99AB9E5046C}
		{6FD2F5D0-CE15-44B4-B31C-0406AE773D24} = {8B35B19E-C48B-4515-993D-F99AB9E5046C}
		{C09200E0-02A1-4B46-88A2-82DAE5F7CDE1} = {8B35B19E-C48B-4515-993D-F99AB9E5046C}
		{C11357EF-EE1B-4642-A94E-E3C115708497} = {8B35B19E-C48B-4515-993D-F99AB9E5046C}
		{D20E326F-726E-433C-A7D3-05FB1149DD79} = {09039403-C67F-427E-9962-C40C7FF66823}
	EndGlobalSection
	GlobalSection(ExtensibilityGlobals) = postSolution
		SolutionGuid = {CA8F0EA3-AAA2-4589-8CF0-05668521F3A9}
	EndGlobalSection
EndGlobal
